
Microsoft Visual Studio Solution File, Format Version 12.00
# Visual Studio 15
VisualStudioVersion = 15.0.27130.2026
MinimumVisualStudioVersion = 10.0.40219.1
Project("{FAE04EC0-301F-11D3-BF4B-00C04F79EFBC}") = "GuiTester", "GuiTester\GuiTester.csproj", "{FD2722B4-1092-4390-8EB2-60F0DB7E569D}"
EndProject
Global
	GlobalSection(SolutionConfigurationPlatforms) = preSolution
		Debug|Any CPU = Debug|Any CPU
		Release|Any CPU = Release|Any CPU
	EndGlobalSection
	GlobalSection(ProjectConfigurationPlatforms) = postSolution
		{FD2722B4-1092-4390-8EB2-60F0DB7E569D}.Debug|Any CPU.ActiveCfg = Debug|Any CPU
		{FD2722B4-1092-4390-8EB2-60F0DB7E569D}.Debug|Any CPU.Build.0 = Debug|Any CPU
		{FD2722B4-1092-4390-8EB2-60F0DB7E569D}.Release|Any CPU.ActiveCfg = Release|Any CPU
		{FD2722B4-1092-4390-8EB2-60F0DB7E569D}.Release|Any CPU.Build.0 = Release|Any CPU
	EndGlobalSection
	GlobalSection(SolutionProperties) = preSolution
		HideSolutionNode = FALSE
	EndGlobalSection
	GlobalSection(ExtensibilityGlobals) = postSolution
		SolutionGuid = {90A8C315-B40C-47A9-BCAF-0A1394B37098}
	EndGlobalSection
EndGlobal
